{
  "version": "5",
  "specifiers": {
    "jsr:@std/assert@0.226": "0.226.0",
    "jsr:@std/assert@~0.218.2": "0.218.2",
    "jsr:@std/bytes@~0.218.2": "0.218.2",
    "jsr:@std/crypto@~0.218.2": "0.218.2",
    "jsr:@std/dotenv@0.221.0": "0.221.0",
    "jsr:@std/encoding@~0.218.2": "0.218.2",
    "jsr:@std/fmt@~0.218.2": "0.218.2",
    "jsr:@std/fs@~0.218.2": "0.218.2",
    "jsr:@std/fs@~0.229.1": "0.229.3",
    "jsr:@std/log@~0.218.2": "0.218.2",
    "jsr:@std/path@1.0.0-rc.1": "1.0.0-rc.1",
    "jsr:@std/path@~0.218.2": "0.218.2",
    "jsr:@std/path@~0.225.1": "0.225.2",
    "jsr:@std/uuid@~0.218.2": "0.218.2",
    "jsr:@utility/file@~0.1.3": "0.1.3",
    "jsr:@utility/types@0.4": "0.4.0",
    "jsr:@workingdevshero/deno-imap@*": "1.0.0",
    "npm:@types/imap@~0.8.43": "0.8.43",
    "npm:@types/node@^25.0.9": "25.0.9",
    "npm:@types/nodemailer@^7.0.5": "7.0.5",
    "npm:bcryptjs@^3.0.3": "3.0.3",
    "npm:imap@0.8.19": "0.8.19",
    "npm:imap@~0.8.19": "0.8.19",
    "npm:mailparser@*": "3.6.7",
    "npm:node-email-reply-parser@*": "0.1.4",
    "npm:node-email-reply-parser@~0.1.4": "0.1.4",
    "npm:nodemailer@*": "7.0.12",
    "npm:nodemailer@^7.0.12": "7.0.12"
  },
  "jsr": {
    "@std/assert@0.218.2": {
      "integrity": "7f0a5a1a8cf86607cd6c2c030584096e1ffad27fc9271429a8cb48cfbdee5eaf"
    },
    "@std/assert@0.226.0": {
      "integrity": "0dfb5f7c7723c18cec118e080fec76ce15b4c31154b15ad2bd74822603ef75b3"
    },
    "@std/bytes@0.218.2": {
      "integrity": "91fe54b232dcca73856b79a817247f4a651dbb60d51baafafb6408c137241670"
    },
    "@std/crypto@0.218.2": {
      "integrity": "8c5031a3a1c3ac3bed3c0d4bed2fe7e7faedcb673bbfa0edd10570c8452f5cd2",
      "dependencies": [
        "jsr:@std/assert@~0.218.2",
        "jsr:@std/encoding"
      ]
    },
    "@std/dotenv@0.221.0": {
      "integrity": "60358ec8a55ff177ca000e5028d8e995b4f1380a90d5a83f087acf0d729cc817"
    },
    "@std/encoding@0.218.2": {
      "integrity": "da55a763c29bf0dbf06fd286430b358266eb99c28789d89fe9a3e28edecb8d8e"
    },
    "@std/fmt@0.218.2": {
      "integrity": "99526449d2505aa758b6cbef81e7dd471d8b28ec0dcb1491d122b284c548788a"
    },
    "@std/fs@0.218.2": {
      "integrity": "dd9431453f7282e8c577cc22c9e6d036055a9a980b5549f887d6012969fabcca",
      "dependencies": [
        "jsr:@std/assert@~0.218.2",
        "jsr:@std/path@~0.218.2"
      ]
    },
    "@std/fs@0.229.3": {
      "integrity": "783bca21f24da92e04c3893c9e79653227ab016c48e96b3078377ebd5222e6eb",
      "dependencies": [
        "jsr:@std/path@1.0.0-rc.1"
      ]
    },
    "@std/log@0.218.2": {
      "integrity": "0e21789e8c918961a9997f9659f53ef490857f6ed543961d04501e6ba9f2e373",
      "dependencies": [
        "jsr:@std/assert@~0.218.2",
        "jsr:@std/fmt",
        "jsr:@std/fs@~0.218.2"
      ]
    },
    "@std/path@0.218.2": {
      "integrity": "b568fd923d9e53ad76d17c513e7310bda8e755a3e825e6289a0ce536404e2662",
      "dependencies": [
        "jsr:@std/assert@~0.218.2"
      ]
    },
    "@std/path@0.225.2": {
      "integrity": "0f2db41d36b50ef048dcb0399aac720a5348638dd3cb5bf80685bf2a745aa506",
      "dependencies": [
        "jsr:@std/assert@0.226"
      ]
    },
    "@std/path@1.0.0-rc.1": {
      "integrity": "b8c00ae2f19106a6bb7cbf1ab9be52aa70de1605daeb2dbdc4f87a7cbaf10ff6"
    },
    "@std/uuid@0.218.2": {
      "integrity": "c3aee54a277ccd2b0c5066cc280967a925f858684e70b0f0ca765abb3f9b38b0",
      "dependencies": [
        "jsr:@std/assert@~0.218.2",
        "jsr:@std/bytes",
        "jsr:@std/crypto"
      ]
    },
    "@utility/file@0.1.3": {
      "integrity": "c1bfac6ffd0ca824c3f3df66900d53322746b864f9256fb573ea7f1d8f5888fb",
      "dependencies": [
        "jsr:@std/fs@~0.229.1",
        "jsr:@std/path@~0.225.1",
        "jsr:@utility/types"
      ]
    },
    "@utility/types@0.4.0": {
      "integrity": "6853c8e37b630a62753022ad723bb961d39d76d96a4d2a0a5ba82a14f341b718"
    },
    "@workingdevshero/deno-imap@1.0.0": {
      "integrity": "b70048842a3089d92705e9d7d57298581ff74a23729dce07bd44ce85c79cc6d0"
    }
  },
  "npm": {
    "@aws-crypto/sha256-browser@5.2.0": {
      "integrity": "sha512-AXfN/lGotSQwu6HNcEsIASo7kWXZ5HYWvfOmSNKDsEqC4OashTp8alTmaz+F7TC2L083SFv5RdB+qU3Vs1kZqw==",
      "dependencies": [
        "@aws-crypto/sha256-js",
        "@aws-crypto/supports-web-crypto",
        "@aws-crypto/util",
        "@aws-sdk/types",
        "@aws-sdk/util-locate-window",
        "@smithy/util-utf8@2.3.0",
        "tslib"
      ]
    },
    "@aws-crypto/sha256-js@5.2.0": {
      "integrity": "sha512-FFQQyu7edu4ufvIZ+OadFpHHOt+eSTBaYaki44c+akjg7qZg9oOQeLlk77F6tSYqjDAFClrHJk9tMf0HdVyOvA==",
      "dependencies": [
        "@aws-crypto/util",
        "@aws-sdk/types",
        "tslib"
      ]
    },
    "@aws-crypto/supports-web-crypto@5.2.0": {
      "integrity": "sha512-iAvUotm021kM33eCdNfwIN//F77/IADDSs58i+MDaOqFrVjZo9bAal0NK7HurRuWLLpF1iLX7gbWrjHjeo+YFg==",
      "dependencies": [
        "tslib"
      ]
    },
    "@aws-crypto/util@5.2.0": {
      "integrity": "sha512-4RkU9EsI6ZpBve5fseQlGNUWKMa1RLPQ1dnjnQoe07ldfIzcsGb5hC5W0Dm7u423KWzawlrpbjXBrXCEv9zazQ==",
      "dependencies": [
        "@aws-sdk/types",
        "@smithy/util-utf8@2.3.0",
        "tslib"
      ]
    },
    "@aws-sdk/client-sesv2@3.971.0": {
      "integrity": "sha512-NP/lbf3mfY10Txzl0ml2YnTjnZwflp1+faOotMCrXi4fb6kInosdW0ZSHXNlNulFo9cW+llq07lD59Sw3nny+A==",
      "dependencies": [
        "@aws-crypto/sha256-browser",
        "@aws-crypto/sha256-js",
        "@aws-sdk/core",
        "@aws-sdk/credential-provider-node",
        "@aws-sdk/middleware-host-header",
        "@aws-sdk/middleware-logger",
        "@aws-sdk/middleware-recursion-detection",
        "@aws-sdk/middleware-user-agent",
        "@aws-sdk/region-config-resolver",
        "@aws-sdk/signature-v4-multi-region",
        "@aws-sdk/types",
        "@aws-sdk/util-endpoints",
        "@aws-sdk/util-user-agent-browser",
        "@aws-sdk/util-user-agent-node",
        "@smithy/config-resolver",
        "@smithy/core",
        "@smithy/fetch-http-handler",
        "@smithy/hash-node",
        "@smithy/invalid-dependency",
        "@smithy/middleware-content-length",
        "@smithy/middleware-endpoint",
        "@smithy/middleware-retry",
        "@smithy/middleware-serde",
        "@smithy/middleware-stack",
        "@smithy/node-config-provider",
        "@smithy/node-http-handler",
        "@smithy/protocol-http",
        "@smithy/smithy-client",
        "@smithy/types",
        "@smithy/url-parser",
        "@smithy/util-base64",
        "@smithy/util-body-length-browser",
        "@smithy/util-body-length-node",
        "@smithy/util-defaults-mode-browser",
        "@smithy/util-defaults-mode-node",
        "@smithy/util-endpoints",
        "@smithy/util-middleware",
        "@smithy/util-retry",
        "@smithy/util-utf8@4.2.0",
        "tslib"
      ]
    },
    "@aws-sdk/client-sso@3.971.0": {
      "integrity": "sha512-Xx+w6DQqJxDdymYyIxyKJnRzPvVJ4e/Aw0czO7aC9L/iraaV7AG8QtRe93OGW6aoHSh72CIiinnpJJfLsQqP4g==",
      "dependencies": [
        "@aws-crypto/sha256-browser",
        "@aws-crypto/sha256-js",
        "@aws-sdk/core",
        "@aws-sdk/middleware-host-header",
        "@aws-sdk/middleware-logger",
        "@aws-sdk/middleware-recursion-detection",
        "@aws-sdk/middleware-user-agent",
        "@aws-sdk/region-config-resolver",
        "@aws-sdk/types",
        "@aws-sdk/util-endpoints",
        "@aws-sdk/util-user-agent-browser",
        "@aws-sdk/util-user-agent-node",
        "@smithy/config-resolver",
        "@smithy/core",
        "@smithy/fetch-http-handler",
        "@smithy/hash-node",
        "@smithy/invalid-dependency",
        "@smithy/middleware-content-length",
        "@smithy/middleware-endpoint",
        "@smithy/middleware-retry",
        "@smithy/middleware-serde",
        "@smithy/middleware-stack",
        "@smithy/node-config-provider",
        "@smithy/node-http-handler",
        "@smithy/protocol-http",
        "@smithy/smithy-client",
        "@smithy/types",
        "@smithy/url-parser",
        "@smithy/util-base64",
        "@smithy/util-body-length-browser",
        "@smithy/util-body-length-node",
        "@smithy/util-defaults-mode-browser",
        "@smithy/util-defaults-mode-node",
        "@smithy/util-endpoints",
        "@smithy/util-middleware",
        "@smithy/util-retry",
        "@smithy/util-utf8@4.2.0",
        "tslib"
      ]
    },
    "@aws-sdk/core@3.970.0": {
      "integrity": "sha512-klpzObldOq8HXzDjDlY6K8rMhYZU6mXRz6P9F9N+tWnjoYFfeBMra8wYApydElTUYQKP1O7RLHwH1OKFfKcqIA==",
      "dependencies": [
        "@aws-sdk/types",
        "@aws-sdk/xml-builder",
        "@smithy/core",
        "@smithy/node-config-provider",
        "@smithy/property-provider",
        "@smithy/protocol-http",
        "@smithy/signature-v4",
        "@smithy/smithy-client",
        "@smithy/types",
        "@smithy/util-base64",
        "@smithy/util-middleware",
        "@smithy/util-utf8@4.2.0",
        "tslib"
      ]
    },
    "@aws-sdk/credential-provider-env@3.970.0": {
      "integrity": "sha512-rtVzXzEtAfZBfh+lq3DAvRar4c3jyptweOAJR2DweyXx71QSMY+O879hjpMwES7jl07a3O1zlnFIDo4KP/96kQ==",
      "dependencies": [
        "@aws-sdk/core",
        "@aws-sdk/types",
        "@smithy/property-provider",
        "@smithy/types",
        "tslib"
      ]
    },
    "@aws-sdk/credential-provider-http@3.970.0": {
      "integrity": "sha512-CjDbWL7JxjLc9ZxQilMusWSw05yRvUJKRpz59IxDpWUnSMHC9JMMUUkOy5Izk8UAtzi6gupRWArp4NG4labt9Q==",
      "dependencies": [
        "@aws-sdk/core",
        "@aws-sdk/types",
        "@smithy/fetch-http-handler",
        "@smithy/node-http-handler",
        "@smithy/property-provider",
        "@smithy/protocol-http",
        "@smithy/smithy-client",
        "@smithy/types",
        "@smithy/util-stream",
        "tslib"
      ]
    },
    "@aws-sdk/credential-provider-ini@3.971.0": {
      "integrity": "sha512-c0TGJG4xyfTZz3SInXfGU8i5iOFRrLmy4Bo7lMyH+IpngohYMYGYl61omXqf2zdwMbDv+YJ9AviQTcCaEUKi8w==",
      "dependencies": [
        "@aws-sdk/core",
        "@aws-sdk/credential-provider-env",
        "@aws-sdk/credential-provider-http",
        "@aws-sdk/credential-provider-login",
        "@aws-sdk/credential-provider-process",
        "@aws-sdk/credential-provider-sso",
        "@aws-sdk/credential-provider-web-identity",
        "@aws-sdk/nested-clients",
        "@aws-sdk/types",
        "@smithy/credential-provider-imds",
        "@smithy/property-provider",
        "@smithy/shared-ini-file-loader",
        "@smithy/types",
        "tslib"
      ]
    },
    "@aws-sdk/credential-provider-login@3.971.0": {
      "integrity": "sha512-yhbzmDOsk0RXD3rTPhZra4AWVnVAC4nFWbTp+sUty1hrOPurUmhuz8bjpLqYTHGnlMbJp+UqkQONhS2+2LzW2g==",
      "dependencies": [
        "@aws-sdk/core",
        "@aws-sdk/nested-clients",
        "@aws-sdk/types",
        "@smithy/property-provider",
        "@smithy/protocol-http",
        "@smithy/shared-ini-file-loader",
        "@smithy/types",
        "tslib"
      ]
    },
    "@aws-sdk/credential-provider-node@3.971.0": {
      "integrity": "sha512-epUJBAKivtJqalnEBRsYIULKYV063o/5mXNJshZfyvkAgNIzc27CmmKRXTN4zaNOZg8g/UprFp25BGsi19x3nQ==",
      "dependencies": [
        "@aws-sdk/credential-provider-env",
        "@aws-sdk/credential-provider-http",
        "@aws-sdk/credential-provider-ini",
        "@aws-sdk/credential-provider-process",
        "@aws-sdk/credential-provider-sso",
        "@aws-sdk/credential-provider-web-identity",
        "@aws-sdk/types",
        "@smithy/credential-provider-imds",
        "@smithy/property-provider",
        "@smithy/shared-ini-file-loader",
        "@smithy/types",
        "tslib"
      ]
    },
    "@aws-sdk/credential-provider-process@3.970.0": {
      "integrity": "sha512-0XeT8OaT9iMA62DFV9+m6mZfJhrD0WNKf4IvsIpj2Z7XbaYfz3CoDDvNoALf3rPY9NzyMHgDxOspmqdvXP00mw==",
      "dependencies": [
        "@aws-sdk/core",
        "@aws-sdk/types",
        "@smithy/property-provider",
        "@smithy/shared-ini-file-loader",
        "@smithy/types",
        "tslib"
      ]
    },
    "@aws-sdk/credential-provider-sso@3.971.0": {
      "integrity": "sha512-dY0hMQ7dLVPQNJ8GyqXADxa9w5wNfmukgQniLxGVn+dMRx3YLViMp5ZpTSQpFhCWNF0oKQrYAI5cHhUJU1hETw==",
      "dependencies": [
        "@aws-sdk/client-sso",
        "@aws-sdk/core",
        "@aws-sdk/token-providers",
        "@aws-sdk/types",
        "@smithy/property-provider",
        "@smithy/shared-ini-file-loader",
        "@smithy/types",
        "tslib"
      ]
    },
    "@aws-sdk/credential-provider-web-identity@3.971.0": {
      "integrity": "sha512-F1AwfNLr7H52T640LNON/h34YDiMuIqW/ZreGzhRR6vnFGaSPtNSKAKB2ssAMkLM8EVg8MjEAYD3NCUiEo+t/w==",
      "dependencies": [
        "@aws-sdk/core",
        "@aws-sdk/nested-clients",
        "@aws-sdk/types",
        "@smithy/property-provider",
        "@smithy/shared-ini-file-loader",
        "@smithy/types",
        "tslib"
      ]
    },
    "@aws-sdk/middleware-host-header@3.969.0": {
      "integrity": "sha512-AWa4rVsAfBR4xqm7pybQ8sUNJYnjyP/bJjfAw34qPuh3M9XrfGbAHG0aiAfQGrBnmS28jlO6Kz69o+c6PRw1dw==",
      "dependencies": [
        "@aws-sdk/types",
        "@smithy/protocol-http",
        "@smithy/types",
        "tslib"
      ]
    },
    "@aws-sdk/middleware-logger@3.969.0": {
      "integrity": "sha512-xwrxfip7Y2iTtCMJ+iifN1E1XMOuhxIHY9DreMCvgdl4r7+48x2S1bCYPWH3eNY85/7CapBWdJ8cerpEl12sQQ==",
      "dependencies": [
        "@aws-sdk/types",
        "@smithy/types",
        "tslib"
      ]
    },
    "@aws-sdk/middleware-recursion-detection@3.969.0": {
      "integrity": "sha512-2r3PuNquU3CcS1Am4vn/KHFwLi8QFjMdA/R+CRDXT4AFO/0qxevF/YStW3gAKntQIgWgQV8ZdEtKAoJvLI4UWg==",
      "dependencies": [
        "@aws-sdk/types",
        "@aws/lambda-invoke-store",
        "@smithy/protocol-http",
        "@smithy/types",
        "tslib"
      ]
    },
    "@aws-sdk/middleware-sdk-s3@3.970.0": {
      "integrity": "sha512-v/Y5F1lbFFY7vMeG5yYxuhnn0CAshz6KMxkz1pDyPxejNE9HtA0w8R6OTBh/bVdIm44QpjhbI7qeLdOE/PLzXQ==",
      "dependencies": [
        "@aws-sdk/core",
        "@aws-sdk/types",
        "@aws-sdk/util-arn-parser",
        "@smithy/core",
        "@smithy/node-config-provider",
        "@smithy/protocol-http",
        "@smithy/signature-v4",
        "@smithy/smithy-client",
        "@smithy/types",
        "@smithy/util-config-provider",
        "@smithy/util-middleware",
        "@smithy/util-stream",
        "@smithy/util-utf8@4.2.0",
        "tslib"
      ]
    },
    "@aws-sdk/middleware-user-agent@3.970.0": {
      "integrity": "sha512-dnSJGGUGSFGEX2NzvjwSefH+hmZQ347AwbLhAsi0cdnISSge+pcGfOFrJt2XfBIypwFe27chQhlfuf/gWdzpZg==",
      "dependencies": [
        "@aws-sdk/core",
        "@aws-sdk/types",
        "@aws-sdk/util-endpoints",
        "@smithy/core",
        "@smithy/protocol-http",
        "@smithy/types",
        "tslib"
      ]
    },
    "@aws-sdk/nested-clients@3.971.0": {
      "integrity": "sha512-TWaILL8GyYlhGrxxnmbkazM4QsXatwQgoWUvo251FXmUOsiXDFDVX3hoGIfB3CaJhV2pJPfebHUNJtY6TjZ11g==",
      "dependencies": [
        "@aws-crypto/sha256-browser",
        "@aws-crypto/sha256-js",
        "@aws-sdk/core",
        "@aws-sdk/middleware-host-header",
        "@aws-sdk/middleware-logger",
        "@aws-sdk/middleware-recursion-detection",
        "@aws-sdk/middleware-user-agent",
        "@aws-sdk/region-config-resolver",
        "@aws-sdk/types",
        "@aws-sdk/util-endpoints",
        "@aws-sdk/util-user-agent-browser",
        "@aws-sdk/util-user-agent-node",
        "@smithy/config-resolver",
        "@smithy/core",
        "@smithy/fetch-http-handler",
        "@smithy/hash-node",
        "@smithy/invalid-dependency",
        "@smithy/middleware-content-length",
        "@smithy/middleware-endpoint",
        "@smithy/middleware-retry",
        "@smithy/middleware-serde",
        "@smithy/middleware-stack",
        "@smithy/node-config-provider",
        "@smithy/node-http-handler",
        "@smithy/protocol-http",
        "@smithy/smithy-client",
        "@smithy/types",
        "@smithy/url-parser",
        "@smithy/util-base64",
        "@smithy/util-body-length-browser",
        "@smithy/util-body-length-node",
        "@smithy/util-defaults-mode-browser",
        "@smithy/util-defaults-mode-node",
        "@smithy/util-endpoints",
        "@smithy/util-middleware",
        "@smithy/util-retry",
        "@smithy/util-utf8@4.2.0",
        "tslib"
      ]
    },
    "@aws-sdk/region-config-resolver@3.969.0": {
      "integrity": "sha512-scj9OXqKpcjJ4jsFLtqYWz3IaNvNOQTFFvEY8XMJXTv+3qF5I7/x9SJtKzTRJEBF3spjzBUYPtGFbs9sj4fisQ==",
      "dependencies": [
        "@aws-sdk/types",
        "@smithy/config-resolver",
        "@smithy/node-config-provider",
        "@smithy/types",
        "tslib"
      ]
    },
    "@aws-sdk/signature-v4-multi-region@3.970.0": {
      "integrity": "sha512-z3syXfuK/x/IsKf/AeYmgc2NT7fcJ+3fHaGO+fkghkV9WEba3fPyOwtTBX4KpFMNb2t50zDGZwbzW1/5ighcUQ==",
      "dependencies": [
        "@aws-sdk/middleware-sdk-s3",
        "@aws-sdk/types",
        "@smithy/protocol-http",
        "@smithy/signature-v4",
        "@smithy/types",
        "tslib"
      ]
    },
    "@aws-sdk/token-providers@3.971.0": {
      "integrity": "sha512-4hKGWZbmuDdONMJV0HJ+9jwTDb0zLfKxcCLx2GEnBY31Gt9GeyIQ+DZ97Bb++0voawj6pnZToFikXTyrEq2x+w==",
      "dependencies": [
        "@aws-sdk/core",
        "@aws-sdk/nested-clients",
        "@aws-sdk/types",
        "@smithy/property-provider",
        "@smithy/shared-ini-file-loader",
        "@smithy/types",
        "tslib"
      ]
    },
    "@aws-sdk/types@3.969.0": {
      "integrity": "sha512-7IIzM5TdiXn+VtgPdVLjmE6uUBUtnga0f4RiSEI1WW10RPuNvZ9U+pL3SwDiRDAdoGrOF9tSLJOFZmfuwYuVYQ==",
      "dependencies": [
        "@smithy/types",
        "tslib"
      ]
    },
    "@aws-sdk/util-arn-parser@3.968.0": {
      "integrity": "sha512-gqqvYcitIIM2K4lrDX9de9YvOfXBcVdxfT/iLnvHJd4YHvSXlt+gs+AsL4FfPCxG4IG9A+FyulP9Sb1MEA75vw==",
      "dependencies": [
        "tslib"
      ]
    },
    "@aws-sdk/util-endpoints@3.970.0": {
      "integrity": "sha512-TZNZqFcMUtjvhZoZRtpEGQAdULYiy6rcGiXAbLU7e9LSpIYlRqpLa207oMNfgbzlL2PnHko+eVg8rajDiSOYCg==",
      "dependencies": [
        "@aws-sdk/types",
        "@smithy/types",
        "@smithy/url-parser",
        "@smithy/util-endpoints",
        "tslib"
      ]
    },
    "@aws-sdk/util-locate-window@3.965.2": {
      "integrity": "sha512-qKgO7wAYsXzhwCHhdbaKFyxd83Fgs8/1Ka+jjSPrv2Ll7mB55Wbwlo0kkfMLh993/yEc8aoDIAc1Fz9h4Spi4Q==",
      "dependencies": [
        "tslib"
      ]
    },
    "@aws-sdk/util-user-agent-browser@3.969.0": {
      "integrity": "sha512-bpJGjuKmFr0rA6UKUCmN8D19HQFMLXMx5hKBXqBlPFdalMhxJSjcxzX9DbQh0Fn6bJtxCguFmRGOBdQqNOt49g==",
      "dependencies": [
        "@aws-sdk/types",
        "@smithy/types",
        "bowser",
        "tslib"
      ]
    },
    "@aws-sdk/util-user-agent-node@3.971.0": {
      "integrity": "sha512-Eygjo9mFzQYjbGY3MYO6CsIhnTwAMd3WmuFalCykqEmj2r5zf0leWrhPaqvA5P68V5JdGfPYgj7vhNOd6CtRBQ==",
      "dependencies": [
        "@aws-sdk/middleware-user-agent",
        "@aws-sdk/types",
        "@smithy/node-config-provider",
        "@smithy/types",
        "tslib"
      ]
    },
    "@aws-sdk/xml-builder@3.969.0": {
      "integrity": "sha512-BSe4Lx/qdRQQdX8cSSI7Et20vqBspzAjBy8ZmXVoyLkol3y4sXBXzn+BiLtR+oh60ExQn6o2DU4QjdOZbXaKIQ==",
      "dependencies": [
        "@smithy/types",
        "fast-xml-parser",
        "tslib"
      ]
    },
    "@aws/lambda-invoke-store@0.2.3": {
      "integrity": "sha512-oLvsaPMTBejkkmHhjf09xTgk71mOqyr/409NKhRIL08If7AhVfUsJhVsx386uJaqNd42v9kWamQ9lFbkoC2dYw=="
    },
    "@selderee/plugin-htmlparser2@0.11.0": {
      "integrity": "sha512-P33hHGdldxGabLFjPPpaTxVolMrzrcegejx+0GxjrIb9Zv48D8yAIA/QTDR2dFl7Uz7urX8aX6+5bCZslr+gWQ==",
      "dependencies": [
        "domhandler",
        "selderee"
      ]
    },
    "@smithy/abort-controller@4.2.8": {
      "integrity": "sha512-peuVfkYHAmS5ybKxWcfraK7WBBP0J+rkfUcbHJJKQ4ir3UAUNQI+Y4Vt/PqSzGqgloJ5O1dk7+WzNL8wcCSXbw==",
      "dependencies": [
        "@smithy/types",
        "tslib"
      ]
    },
    "@smithy/config-resolver@4.4.6": {
      "integrity": "sha512-qJpzYC64kaj3S0fueiu3kXm8xPrR3PcXDPEgnaNMRn0EjNSZFoFjvbUp0YUDsRhN1CB90EnHJtbxWKevnH99UQ==",
      "dependencies": [
        "@smithy/node-config-provider",
        "@smithy/types",
        "@smithy/util-config-provider",
        "@smithy/util-endpoints",
        "@smithy/util-middleware",
        "tslib"
      ]
    },
    "@smithy/core@3.20.7": {
      "integrity": "sha512-aO7jmh3CtrmPsIJxUwYIzI5WVlMK8BMCPQ4D4nTzqTqBhbzvxHNzBMGcEg13yg/z9R2Qsz49NUFl0F0lVbTVFw==",
      "dependencies": [
        "@smithy/middleware-serde",
        "@smithy/protocol-http",
        "@smithy/types",
        "@smithy/util-base64",
        "@smithy/util-body-length-browser",
        "@smithy/util-middleware",
        "@smithy/util-stream",
        "@smithy/util-utf8@4.2.0",
        "@smithy/uuid",
        "tslib"
      ]
    },
    "@smithy/credential-provider-imds@4.2.8": {
      "integrity": "sha512-FNT0xHS1c/CPN8upqbMFP83+ul5YgdisfCfkZ86Jh2NSmnqw/AJ6x5pEogVCTVvSm7j9MopRU89bmDelxuDMYw==",
      "dependencies": [
        "@smithy/node-config-provider",
        "@smithy/property-provider",
        "@smithy/types",
        "@smithy/url-parser",
        "tslib"
      ]
    },
    "@smithy/fetch-http-handler@5.3.9": {
      "integrity": "sha512-I4UhmcTYXBrct03rwzQX1Y/iqQlzVQaPxWjCjula++5EmWq9YGBrx6bbGqluGc1f0XEfhSkiY4jhLgbsJUMKRA==",
      "dependencies": [
        "@smithy/protocol-http",
        "@smithy/querystring-builder",
        "@smithy/types",
        "@smithy/util-base64",
        "tslib"
      ]
    },
    "@smithy/hash-node@4.2.8": {
      "integrity": "sha512-7ZIlPbmaDGxVoxErDZnuFG18WekhbA/g2/i97wGj+wUBeS6pcUeAym8u4BXh/75RXWhgIJhyC11hBzig6MljwA==",
      "dependencies": [
        "@smithy/types",
        "@smithy/util-buffer-from@4.2.0",
        "@smithy/util-utf8@4.2.0",
        "tslib"
      ]
    },
    "@smithy/invalid-dependency@4.2.8": {
      "integrity": "sha512-N9iozRybwAQ2dn9Fot9kI6/w9vos2oTXLhtK7ovGqwZjlOcxu6XhPlpLpC+INsxktqHinn5gS2DXDjDF2kG5sQ==",
      "dependencies": [
        "@smithy/types",
        "tslib"
      ]
    },
    "@smithy/is-array-buffer@2.2.0": {
      "integrity": "sha512-GGP3O9QFD24uGeAXYUjwSTXARoqpZykHadOmA8G5vfJPK0/DC67qa//0qvqrJzL1xc8WQWX7/yc7fwudjPHPhA==",
      "dependencies": [
        "tslib"
      ]
    },
    "@smithy/is-array-buffer@4.2.0": {
      "integrity": "sha512-DZZZBvC7sjcYh4MazJSGiWMI2L7E0oCiRHREDzIxi/M2LY79/21iXt6aPLHge82wi5LsuRF5A06Ds3+0mlh6CQ==",
      "dependencies": [
        "tslib"
      ]
    },
    "@smithy/middleware-content-length@4.2.8": {
      "integrity": "sha512-RO0jeoaYAB1qBRhfVyq0pMgBoUK34YEJxVxyjOWYZiOKOq2yMZ4MnVXMZCUDenpozHue207+9P5ilTV1zeda0A==",
      "dependencies": [
        "@smithy/protocol-http",
        "@smithy/types",
        "tslib"
      ]
    },
    "@smithy/middleware-endpoint@4.4.8": {
      "integrity": "sha512-TV44qwB/T0OMMzjIuI+JeS0ort3bvlPJ8XIH0MSlGADraXpZqmyND27ueuAL3E14optleADWqtd7dUgc2w+qhQ==",
      "dependencies": [
        "@smithy/core",
        "@smithy/middleware-serde",
        "@smithy/node-config-provider",
        "@smithy/shared-ini-file-loader",
        "@smithy/types",
        "@smithy/url-parser",
        "@smithy/util-middleware",
        "tslib"
      ]
    },
    "@smithy/middleware-retry@4.4.24": {
      "integrity": "sha512-yiUY1UvnbUFfP5izoKLtfxDSTRv724YRRwyiC/5HYY6vdsVDcDOXKSXmkJl/Hovcxt5r+8tZEUAdrOaCJwrl9Q==",
      "dependencies": [
        "@smithy/node-config-provider",
        "@smithy/protocol-http",
        "@smithy/service-error-classification",
        "@smithy/smithy-client",
        "@smithy/types",
        "@smithy/util-middleware",
        "@smithy/util-retry",
        "@smithy/uuid",
        "tslib"
      ]
    },
    "@smithy/middleware-serde@4.2.9": {
      "integrity": "sha512-eMNiej0u/snzDvlqRGSN3Vl0ESn3838+nKyVfF2FKNXFbi4SERYT6PR392D39iczngbqqGG0Jl1DlCnp7tBbXQ==",
      "dependencies": [
        "@smithy/protocol-http",
        "@smithy/types",
        "tslib"
      ]
    },
    "@smithy/middleware-stack@4.2.8": {
      "integrity": "sha512-w6LCfOviTYQjBctOKSwy6A8FIkQy7ICvglrZFl6Bw4FmcQ1Z420fUtIhxaUZZshRe0VCq4kvDiPiXrPZAe8oRA==",
      "dependencies": [
        "@smithy/types",
        "tslib"
      ]
    },
    "@smithy/node-config-provider@4.3.8": {
      "integrity": "sha512-aFP1ai4lrbVlWjfpAfRSL8KFcnJQYfTl5QxLJXY32vghJrDuFyPZ6LtUL+JEGYiFRG1PfPLHLoxj107ulncLIg==",
      "dependencies": [
        "@smithy/property-provider",
        "@smithy/shared-ini-file-loader",
        "@smithy/types",
        "tslib"
      ]
    },
    "@smithy/node-http-handler@4.4.8": {
      "integrity": "sha512-q9u+MSbJVIJ1QmJ4+1u+cERXkrhuILCBDsJUBAW1MPE6sFonbCNaegFuwW9ll8kh5UdyY3jOkoOGlc7BesoLpg==",
      "dependencies": [
        "@smithy/abort-controller",
        "@smithy/protocol-http",
        "@smithy/querystring-builder",
        "@smithy/types",
        "tslib"
      ]
    },
    "@smithy/property-provider@4.2.8": {
      "integrity": "sha512-EtCTbyIveCKeOXDSWSdze3k612yCPq1YbXsbqX3UHhkOSW8zKsM9NOJG5gTIya0vbY2DIaieG8pKo1rITHYL0w==",
      "dependencies": [
        "@smithy/types",
        "tslib"
      ]
    },
    "@smithy/protocol-http@5.3.8": {
      "integrity": "sha512-QNINVDhxpZ5QnP3aviNHQFlRogQZDfYlCkQT+7tJnErPQbDhysondEjhikuANxgMsZrkGeiAxXy4jguEGsDrWQ==",
      "dependencies": [
        "@smithy/types",
        "tslib"
      ]
    },
    "@smithy/querystring-builder@4.2.8": {
      "integrity": "sha512-Xr83r31+DrE8CP3MqPgMJl+pQlLLmOfiEUnoyAlGzzJIrEsbKsPy1hqH0qySaQm4oWrCBlUqRt+idEgunKB+iw==",
      "dependencies": [
        "@smithy/types",
        "@smithy/util-uri-escape",
        "tslib"
      ]
    },
    "@smithy/querystring-parser@4.2.8": {
      "integrity": "sha512-vUurovluVy50CUlazOiXkPq40KGvGWSdmusa3130MwrR1UNnNgKAlj58wlOe61XSHRpUfIIh6cE0zZ8mzKaDPA==",
      "dependencies": [
        "@smithy/types",
        "tslib"
      ]
    },
    "@smithy/service-error-classification@4.2.8": {
      "integrity": "sha512-mZ5xddodpJhEt3RkCjbmUQuXUOaPNTkbMGR0bcS8FE0bJDLMZlhmpgrvPNCYglVw5rsYTpSnv19womw9WWXKQQ==",
      "dependencies": [
        "@smithy/types"
      ]
    },
    "@smithy/shared-ini-file-loader@4.4.3": {
      "integrity": "sha512-DfQjxXQnzC5UbCUPeC3Ie8u+rIWZTvuDPAGU/BxzrOGhRvgUanaP68kDZA+jaT3ZI+djOf+4dERGlm9mWfFDrg==",
      "dependencies": [
        "@smithy/types",
        "tslib"
      ]
    },
    "@smithy/signature-v4@5.3.8": {
      "integrity": "sha512-6A4vdGj7qKNRF16UIcO8HhHjKW27thsxYci+5r/uVRkdcBEkOEiY8OMPuydLX4QHSrJqGHPJzPRwwVTqbLZJhg==",
      "dependencies": [
        "@smithy/is-array-buffer@4.2.0",
        "@smithy/protocol-http",
        "@smithy/types",
        "@smithy/util-hex-encoding",
        "@smithy/util-middleware",
        "@smithy/util-uri-escape",
        "@smithy/util-utf8@4.2.0",
        "tslib"
      ]
    },
    "@smithy/smithy-client@4.10.9": {
      "integrity": "sha512-Je0EvGXVJ0Vrrr2lsubq43JGRIluJ/hX17aN/W/A0WfE+JpoMdI8kwk2t9F0zTX9232sJDGcoH4zZre6m6f/sg==",
      "dependencies": [
        "@smithy/core",
        "@smithy/middleware-endpoint",
        "@smithy/middleware-stack",
        "@smithy/protocol-http",
        "@smithy/types",
        "@smithy/util-stream",
        "tslib"
      ]
    },
    "@smithy/types@4.12.0": {
      "integrity": "sha512-9YcuJVTOBDjg9LWo23Qp0lTQ3D7fQsQtwle0jVfpbUHy9qBwCEgKuVH4FqFB3VYu0nwdHKiEMA+oXz7oV8X1kw==",
      "dependencies": [
        "tslib"
      ]
    },
    "@smithy/url-parser@4.2.8": {
      "integrity": "sha512-NQho9U68TGMEU639YkXnVMV3GEFFULmmaWdlu1E9qzyIePOHsoSnagTGSDv1Zi8DCNN6btxOSdgmy5E/hsZwhA==",
      "dependencies": [
        "@smithy/querystring-parser",
        "@smithy/types",
        "tslib"
      ]
    },
    "@smithy/util-base64@4.3.0": {
      "integrity": "sha512-GkXZ59JfyxsIwNTWFnjmFEI8kZpRNIBfxKjv09+nkAWPt/4aGaEWMM04m4sxgNVWkbt2MdSvE3KF/PfX4nFedQ==",
      "dependencies": [
        "@smithy/util-buffer-from@4.2.0",
        "@smithy/util-utf8@4.2.0",
        "tslib"
      ]
    },
    "@smithy/util-body-length-browser@4.2.0": {
      "integrity": "sha512-Fkoh/I76szMKJnBXWPdFkQJl2r9SjPt3cMzLdOB6eJ4Pnpas8hVoWPYemX/peO0yrrvldgCUVJqOAjUrOLjbxg==",
      "dependencies": [
        "tslib"
      ]
    },
    "@smithy/util-body-length-node@4.2.1": {
      "integrity": "sha512-h53dz/pISVrVrfxV1iqXlx5pRg3V2YWFcSQyPyXZRrZoZj4R4DeWRDo1a7dd3CPTcFi3kE+98tuNyD2axyZReA==",
      "dependencies": [
        "tslib"
      ]
    },
    "@smithy/util-buffer-from@2.2.0": {
      "integrity": "sha512-IJdWBbTcMQ6DA0gdNhh/BwrLkDR+ADW5Kr1aZmd4k3DIF6ezMV4R2NIAmT08wQJ3yUK82thHWmC/TnK/wpMMIA==",
      "dependencies": [
        "@smithy/is-array-buffer@2.2.0",
        "tslib"
      ]
    },
    "@smithy/util-buffer-from@4.2.0": {
      "integrity": "sha512-kAY9hTKulTNevM2nlRtxAG2FQ3B2OR6QIrPY3zE5LqJy1oxzmgBGsHLWTcNhWXKchgA0WHW+mZkQrng/pgcCew==",
      "dependencies": [
        "@smithy/is-array-buffer@4.2.0",
        "tslib"
      ]
    },
    "@smithy/util-config-provider@4.2.0": {
      "integrity": "sha512-YEjpl6XJ36FTKmD+kRJJWYvrHeUvm5ykaUS5xK+6oXffQPHeEM4/nXlZPe+Wu0lsgRUcNZiliYNh/y7q9c2y6Q==",
      "dependencies": [
        "tslib"
      ]
    },
    "@smithy/util-defaults-mode-browser@4.3.23": {
      "integrity": "sha512-mMg+r/qDfjfF/0psMbV4zd7F/i+rpyp7Hjh0Wry7eY15UnzTEId+xmQTGDU8IdZtDfbGQxuWNfgBZKBj+WuYbA==",
      "dependencies": [
        "@smithy/property-provider",
        "@smithy/smithy-client",
        "@smithy/types",
        "tslib"
      ]
    },
    "@smithy/util-defaults-mode-node@4.2.26": {
      "integrity": "sha512-EQqe/WkbCinah0h1lMWh9ICl0Ob4lyl20/10WTB35SC9vDQfD8zWsOT+x2FIOXKAoZQ8z/y0EFMoodbcqWJY/w==",
      "dependencies": [
        "@smithy/config-resolver",
        "@smithy/credential-provider-imds",
        "@smithy/node-config-provider",
        "@smithy/property-provider",
        "@smithy/smithy-client",
        "@smithy/types",
        "tslib"
      ]
    },
    "@smithy/util-endpoints@3.2.8": {
      "integrity": "sha512-8JaVTn3pBDkhZgHQ8R0epwWt+BqPSLCjdjXXusK1onwJlRuN69fbvSK66aIKKO7SwVFM6x2J2ox5X8pOaWcUEw==",
      "dependencies": [
        "@smithy/node-config-provider",
        "@smithy/types",
        "tslib"
      ]
    },
    "@smithy/util-hex-encoding@4.2.0": {
      "integrity": "sha512-CCQBwJIvXMLKxVbO88IukazJD9a4kQ9ZN7/UMGBjBcJYvatpWk+9g870El4cB8/EJxfe+k+y0GmR9CAzkF+Nbw==",
      "dependencies": [
        "tslib"
      ]
    },
    "@smithy/util-middleware@4.2.8": {
      "integrity": "sha512-PMqfeJxLcNPMDgvPbbLl/2Vpin+luxqTGPpW3NAQVLbRrFRzTa4rNAASYeIGjRV9Ytuhzny39SpyU04EQreF+A==",
      "dependencies": [
        "@smithy/types",
        "tslib"
      ]
    },
    "@smithy/util-retry@4.2.8": {
      "integrity": "sha512-CfJqwvoRY0kTGe5AkQokpURNCT1u/MkRzMTASWMPPo2hNSnKtF1D45dQl3DE2LKLr4m+PW9mCeBMJr5mCAVThg==",
      "dependencies": [
        "@smithy/service-error-classification",
        "@smithy/types",
        "tslib"
      ]
    },
    "@smithy/util-stream@4.5.10": {
      "integrity": "sha512-jbqemy51UFSZSp2y0ZmRfckmrzuKww95zT9BYMmuJ8v3altGcqjwoV1tzpOwuHaKrwQrCjIzOib499ymr2f98g==",
      "dependencies": [
        "@smithy/fetch-http-handler",
        "@smithy/node-http-handler",
        "@smithy/types",
        "@smithy/util-base64",
        "@smithy/util-buffer-from@4.2.0",
        "@smithy/util-hex-encoding",
        "@smithy/util-utf8@4.2.0",
        "tslib"
      ]
    },
    "@smithy/util-uri-escape@4.2.0": {
      "integrity": "sha512-igZpCKV9+E/Mzrpq6YacdTQ0qTiLm85gD6N/IrmyDvQFA4UnU3d5g3m8tMT/6zG/vVkWSU+VxeUyGonL62DuxA==",
      "dependencies": [
        "tslib"
      ]
    },
    "@smithy/util-utf8@2.3.0": {
      "integrity": "sha512-R8Rdn8Hy72KKcebgLiv8jQcQkXoLMOGGv5uI1/k0l+snqkOzQ1R0ChUBCxWMlBsFMekWjq0wRudIweFs7sKT5A==",
      "dependencies": [
        "@smithy/util-buffer-from@2.2.0",
        "tslib"
      ]
    },
    "@smithy/util-utf8@4.2.0": {
      "integrity": "sha512-zBPfuzoI8xyBtR2P6WQj63Rz8i3AmfAaJLuNG8dWsfvPe8lO4aCPYLn879mEgHndZH1zQ2oXmG8O1GGzzaoZiw==",
      "dependencies": [
        "@smithy/util-buffer-from@4.2.0",
        "tslib"
      ]
    },
    "@smithy/uuid@1.1.0": {
      "integrity": "sha512-4aUIteuyxtBUhVdiQqcDhKFitwfd9hqoSDYY2KRXiWtgoWJ9Bmise+KfEPDiVHWeJepvF8xJO9/9+WDIciMFFw==",
      "dependencies": [
        "tslib"
      ]
    },
    "@types/imap@0.8.43": {
      "integrity": "sha512-POPoqrDax9mxM2N4ITZYCWaFtg1ORVfzJe4S7xwSh9aHawdEb7FwWTJYiAhzIvWp7DM+6BajnzYOwZ1BUrqtow==",
      "dependencies": [
        "@types/node"
      ]
    },
    "@types/node@25.0.9": {
      "integrity": "sha512-/rpCXHlCWeqClNBwUhDcusJxXYDjZTyE8v5oTO7WbL8eij2nKhUeU89/6xgjU7N4/Vh3He0BtyhJdQbDyhiXAw==",
      "dependencies": [
        "undici-types"
      ]
    },
    "@types/nodemailer@7.0.5": {
      "integrity": "sha512-7WtR4MFJUNN2UFy0NIowBRJswj5KXjXDhlZY43Hmots5eGu5q/dTeFd/I6GgJA/qj3RqO6dDy4SvfcV3fOVeIA==",
      "dependencies": [
        "@aws-sdk/client-sesv2",
        "@types/node"
      ]
    },
    "bcryptjs@3.0.3": {
      "integrity": "sha512-GlF5wPWnSa/X5LKM1o0wz0suXIINz1iHRLvTS+sLyi7XPbe5ycmYI3DlZqVGZZtDgl4DmasFg7gOB3JYbphV5g==",
      "bin": true
    },
    "bowser@2.13.1": {
      "integrity": "sha512-OHawaAbjwx6rqICCKgSG0SAnT05bzd7ppyKLVUITZpANBaaMFBAsaNkto3LoQ31tyFP5kNujE8Cdx85G9VzOkw=="
    },
    "core-util-is@1.0.3": {
      "integrity": "sha512-ZQBvi1DcpJ4GDqanjucZ2Hj3wEO5pZDS89BWbkcrvdxksJorwUDDZamX9ldFkp9aw2lmBDLgkObEA4DWNJ9FYQ=="
    },
    "deepmerge@4.3.1": {
      "integrity": "sha512-3sUqbMEc77XqpdNO7FRyRog+eW3ph+GYCbj+rK+uYyRMuwsVy0rMiVtPn+QJlKFvWP/1PYpapqYn0Me2knFn+A=="
    },
    "dom-serializer@2.0.0": {
      "integrity": "sha512-wIkAryiqt/nV5EQKqQpo3SToSOV9J0DnbJqwK7Wv/Trc92zIAYZ4FlMu+JPFW1DfGFt81ZTCGgDEabffXeLyJg==",
      "dependencies": [
        "domelementtype",
        "domhandler",
        "entities"
      ]
    },
    "domelementtype@2.3.0": {
      "integrity": "sha512-OLETBj6w0OsagBwdXnPdN0cnMfF9opN69co+7ZrbfPGrdpPVNBUj02spi6B1N7wChLQiPn4CSH/zJvXw56gmHw=="
    },
    "domhandler@5.0.3": {
      "integrity": "sha512-cgwlv/1iFQiFnU96XXgROh8xTeetsnJiDsTc7TYCLFd9+/WNkIqPTxiM/8pSd8VIrhXGTf1Ny1q1hquVqDJB5w==",
      "dependencies": [
        "domelementtype"
      ]
    },
    "domutils@3.1.0": {
      "integrity": "sha512-H78uMmQtI2AhgDJjWeQmHwJJ2bLPD3GMmO7Zja/ZZh84wkm+4ut+IUnUdRa8uCGX88DiVx1j6FRe1XfxEgjEZA==",
      "dependencies": [
        "dom-serializer",
        "domelementtype",
        "domhandler"
      ]
    },
    "encoding-japanese@2.0.0": {
      "integrity": "sha512-++P0RhebUC8MJAwJOsT93dT+5oc5oPImp1HubZpAuCZ5kTLnhuuBhKHj2jJeO/Gj93idPBWmIuQ9QWMe5rX3pQ=="
    },
    "entities@4.5.0": {
      "integrity": "sha512-V0hjH4dGPh9Ao5p0MoRY6BVqtwCjhz6vI5LT8AJ55H+4g9/4vbHx1I54fS0XuclLhDHArPQCiMjDxjaL8fPxhw=="
    },
    "esrever@0.2.0": {
      "integrity": "sha512-1e9YJt6yQkyekt2BUjTky7LZWWVyC2cIpgdnsTAvMcnzXIZvlW/fTMPkxBcZoYhgih4d+EC+iw+yv9GIkz7vrw==",
      "bin": true
    },
    "fast-xml-parser@5.2.5": {
      "integrity": "sha512-pfX9uG9Ki0yekDHx2SiuRIyFdyAr1kMIMitPvb0YBo8SUfKvia7w7FIyd/l6av85pFYRhZscS75MwMnbvY+hcQ==",
      "dependencies": [
        "strnum"
      ],
      "bin": true
    },
    "he@1.2.0": {
      "integrity": "sha512-F/1DnUGPopORZi0ni+CvrCgHQ5FyEAHRLSApuYWMmrbSwoN2Mn/7k+Gl38gJnR7yyDZk6WLXwiGod1JOWNDKGw==",
      "bin": true
    },
    "html-to-text@9.0.5": {
      "integrity": "sha512-qY60FjREgVZL03vJU6IfMV4GDjGBIoOyvuFdpBDIX9yTlDw0TjxVBQp+P8NvpdIXNJvfWBTNul7fsAQJq2FNpg==",
      "dependencies": [
        "@selderee/plugin-htmlparser2",
        "deepmerge",
        "dom-serializer",
        "htmlparser2",
        "selderee"
      ]
    },
    "htmlparser2@8.0.2": {
      "integrity": "sha512-GYdjWKDkbRLkZ5geuHs5NY1puJ+PXwP7+fHPRz06Eirsb9ugf6d8kkXav6ADhcODhFFPMIXyxkxSuMf3D6NCFA==",
      "dependencies": [
        "domelementtype",
        "domhandler",
        "domutils",
        "entities"
      ]
    },
    "iconv-lite@0.6.3": {
      "integrity": "sha512-4fCk79wshMdzMp2rH06qWrJE4iolqLhCUH+OiuIgU++RB0+94NlDL81atO7GX55uUKueo0txHNtvEyI6D7WdMw==",
      "dependencies": [
        "safer-buffer"
      ]
    },
    "imap@0.8.19": {
      "integrity": "sha512-z5DxEA1uRnZG73UcPA4ES5NSCGnPuuouUx43OPX7KZx1yzq3N8/vx2mtXEShT5inxB3pRgnfG1hijfu7XN2YMw==",
      "dependencies": [
        "readable-stream",
        "utf7"
      ]
    },
    "inherits@2.0.4": {
      "integrity": "sha512-k/vGaX4/Yla3WzyMCvTQOXYeIHvqOKtnqBduzTHpzpQZzAskKMhZ2K+EnBiSM9zGSoIFeMpXKxa4dYeZIQqewQ=="
    },
    "isarray@0.0.1": {
      "integrity": "sha512-D2S+3GLxWH+uhrNEcoh/fnmYeP8E8/zHl644d/jdA0g2uyXvy3sb0qxotE+ne0LtccHknQzWwZEzhak7oJ0COQ=="
    },
    "leac@0.6.0": {
      "integrity": "sha512-y+SqErxb8h7nE/fiEX07jsbuhrpO9lL8eca7/Y1nuWV2moNlXhyd59iDGcRf6moVyDMbmTNzL40SUyrFU/yDpg=="
    },
    "libbase64@1.2.1": {
      "integrity": "sha512-l+nePcPbIG1fNlqMzrh68MLkX/gTxk/+vdvAb388Ssi7UuUN31MI44w4Yf33mM3Cm4xDfw48mdf3rkdHszLNew=="
    },
    "libmime@5.2.0": {
      "integrity": "sha512-X2U5Wx0YmK0rXFbk67ASMeqYIkZ6E5vY7pNWRKtnNzqjvdYYG8xtPDpCnuUEnPU9vlgNev+JoSrcaKSUaNvfsw==",
      "dependencies": [
        "encoding-japanese",
        "iconv-lite",
        "libbase64",
        "libqp"
      ]
    },
    "libmime@5.2.1": {
      "integrity": "sha512-A0z9O4+5q+ZTj7QwNe/Juy1KARNb4WaviO4mYeFC4b8dBT2EEqK2pkM+GC8MVnkOjqhl5nYQxRgnPYRRTNmuSQ==",
      "dependencies": [
        "encoding-japanese",
        "iconv-lite",
        "libbase64",
        "libqp"
      ]
    },
    "libqp@2.0.1": {
      "integrity": "sha512-Ka0eC5LkF3IPNQHJmYBWljJsw0UvM6j+QdKRbWyCdTmYwvIDE6a7bCm0UkTAL/K+3KXK5qXT/ClcInU01OpdLg=="
    },
    "linkify-it@5.0.0": {
      "integrity": "sha512-5aHCbzQRADcdP+ATqnDuhhJ/MRIqDkZX5pyjFHRRysS8vZ5AbqGEoFIb6pYHPZ+L/OC2Lc+xT8uHVVR5CAK/wQ==",
      "dependencies": [
        "uc.micro"
      ]
    },
    "lodash@4.17.21": {
      "integrity": "sha512-v2kDEe57lecTulaDIuNTPy3Ry4gLGJ6Z1O3vE1krgXZNrsQ+LFTGHVxVjcXPs17LhbZVGedAJv8XZ1tvj5FvSg=="
    },
    "mailparser@3.6.7": {
      "integrity": "sha512-/3x8HW70DNehw+3vdOPKdlLuxOHoWcGB5jfx5vJ5XUbY9/2jUJbrrhda5Si8Dj/3w08U0y5uGAkqs5+SPTPKoA==",
      "dependencies": [
        "encoding-japanese",
        "he",
        "html-to-text",
        "iconv-lite",
        "libmime@5.2.1",
        "linkify-it",
        "mailsplit",
        "nodemailer@6.9.9",
        "tlds"
      ]
    },
    "mailsplit@5.4.0": {
      "integrity": "sha512-wnYxX5D5qymGIPYLwnp6h8n1+6P6vz/MJn5AzGjZ8pwICWssL+CCQjWBIToOVHASmATot4ktvlLo6CyLfOXWYA==",
      "dependencies": [
        "libbase64",
        "libmime@5.2.0",
        "libqp"
      ],
      "deprecated": true
    },
    "node-email-reply-parser@0.1.4": {
      "integrity": "sha512-rXiLvb9J8RRNYEf/Ftf2vx+HEjZjB16ONY5Qd9PAFdN0OESkgvGINbtlgIvdIjVeZ1jPPoK/b90sx+lP1CIvqA==",
      "dependencies": [
        "esrever",
        "lodash"
      ]
    },
    "nodemailer@6.9.9": {
      "integrity": "sha512-dexTll8zqQoVJEZPwQAKzxxtFn0qTnjdQTchoU6Re9BUUGBJiOy3YMn/0ShTW6J5M0dfQ1NeDeRTTl4oIWgQMA=="
    },
    "nodemailer@7.0.12": {
      "integrity": "sha512-H+rnK5bX2Pi/6ms3sN4/jRQvYSMltV6vqup/0SFOrxYYY/qoNvhXPlYq3e+Pm9RFJRwrMGbMIwi81M4dxpomhA=="
    },
    "parseley@0.12.1": {
      "integrity": "sha512-e6qHKe3a9HWr0oMRVDTRhKce+bRO8VGQR3NyVwcjwrbhMmFCX9KszEV35+rn4AdilFAq9VPxP/Fe1wC9Qjd2lw==",
      "dependencies": [
        "leac",
        "peberminta"
      ]
    },
    "peberminta@0.9.0": {
      "integrity": "sha512-XIxfHpEuSJbITd1H3EeQwpcZbTLHc+VVr8ANI9t5sit565tsI4/xK3KWTUFE2e6QiangUkh3B0jihzmGnNrRsQ=="
    },
    "readable-stream@1.1.14": {
      "integrity": "sha512-+MeVjFf4L44XUkhM1eYbD8fyEsxcV81pqMSR5gblfcLCHfZvbrqy4/qYHE+/R5HoBUT11WV5O08Cr1n3YXkWVQ==",
      "dependencies": [
        "core-util-is",
        "inherits",
        "isarray",
        "string_decoder"
      ]
    },
    "safer-buffer@2.1.2": {
      "integrity": "sha512-YZo3K82SD7Riyi0E1EQPojLz7kpepnSQI9IyPbHHg1XXXevb5dJI7tpyN2ADxGcQbHG7vcyRHk0cbwqcQriUtg=="
    },
    "selderee@0.11.0": {
      "integrity": "sha512-5TF+l7p4+OsnP8BCCvSyZiSPc4x4//p5uPwK8TCnVPJYRmU2aYKMpOXvw8zM5a5JvuuCGN1jmsMwuU2W02ukfA==",
      "dependencies": [
        "parseley"
      ]
    },
    "semver@5.3.0": {
      "integrity": "sha512-mfmm3/H9+67MCVix1h+IXTpDwL6710LyHuk7+cWC9T1mE0qz4iHhh6r4hU2wrIT9iTsAAC2XQRvfblL028cpLw==",
      "bin": true
    },
    "string_decoder@0.10.31": {
      "integrity": "sha512-ev2QzSzWPYmy9GuqfIVildA4OdcGLeFZQrq5ys6RtiuF+RQQiZWr8TZNyAcuVXyQRYfEO+MsoB/1BuQVhOJuoQ=="
    },
    "strnum@2.1.2": {
      "integrity": "sha512-l63NF9y/cLROq/yqKXSLtcMeeyOfnSQlfMSlzFt/K73oIaD8DGaQWd7Z34X9GPiKqP5rbSh84Hl4bOlLcjiSrQ=="
    },
    "tlds@1.248.0": {
      "integrity": "sha512-noj0KdpWTBhwsKxMOXk0rN9otg4kTgLm4WohERRHbJ9IY+kSDKr3RmjitaQ3JFzny+DyvBOQKlFZhp0G0qNSfg==",
      "bin": true
    },
    "tslib@2.8.1": {
      "integrity": "sha512-oJFu94HQb+KVduSUQL7wnpmqnfmLsOA/nAh6b6EH0wCEoK0/mPeXU6c3wKDV83MkOuHPRHtSXKKU99IBazS/2w=="
    },
    "uc.micro@2.0.0": {
      "integrity": "sha512-DffL94LsNOccVn4hyfRe5rdKa273swqeA5DJpMOeFmEn1wCDc7nAbbB0gXlgBCL7TNzeTv6G7XVWzan7iJtfig=="
    },
    "undici-types@7.16.0": {
      "integrity": "sha512-Zz+aZWSj8LE6zoxD+xrjh4VfkIG8Ya6LvYkZqtUQGJPZjYl53ypCaUwWqo7eI0x66KBGeRo+mlBEkMSeSZ38Nw=="
    },
    "utf7@1.0.2": {
      "integrity": "sha512-qQrPtYLLLl12NF4DrM9CvfkxkYI97xOb5dsnGZHE3teFr0tWiEZ9UdgMPczv24vl708cYMpe6mGXGHrotIp3Bw==",
      "dependencies": [
        "semver"
      ]
    }
  },
  "remote": {
    "https://deno.land/std@0.214.0/assert/_constants.ts": "a271e8ef5a573f1df8e822a6eb9d09df064ad66a4390f21b3e31f820a38e0975",
    "https://deno.land/std@0.214.0/assert/_diff.ts": "dcc63d94ca289aec80644030cf88ccbf7acaa6fbd7b0f22add93616b36593840",
    "https://deno.land/std@0.214.0/assert/_format.ts": "0ba808961bf678437fb486b56405b6fefad2cf87b5809667c781ddee8c32aff4",
    "https://deno.land/std@0.214.0/assert/assert.ts": "bec068b2fccdd434c138a555b19a2c2393b71dfaada02b7d568a01541e67cdc5",
    "https://deno.land/std@0.214.0/assert/assert_almost_equals.ts": "8b96b7385cc117668b0720115eb6ee73d04c9bcb2f5d2344d674918c9113688f",
    "https://deno.land/std@0.214.0/assert/assert_array_includes.ts": "1688d76317fd45b7e93ef9e2765f112fdf2b7c9821016cdfb380b9445374aed1",
    "https://deno.land/std@0.214.0/assert/assert_equals.ts": "4497c56fe7d2993b0d447926702802fc0becb44e319079e8eca39b482ee01b4e",
    "https://deno.land/std@0.214.0/assert/assert_exists.ts": "24a7bf965e634f909242cd09fbaf38bde6b791128ece08e33ab08586a7cc55c9",
    "https://deno.land/std@0.214.0/assert/assert_false.ts": "6f382568e5128c0f855e5f7dbda8624c1ed9af4fcc33ef4a9afeeedcdce99769",
    "https://deno.land/std@0.214.0/assert/assert_greater.ts": "4945cf5729f1a38874d7e589e0fe5cc5cd5abe5573ca2ddca9d3791aa891856c",
    "https://deno.land/std@0.214.0/assert/assert_greater_or_equal.ts": "573ed8823283b8d94b7443eb69a849a3c369a8eb9666b2d1db50c33763a5d219",
    "https://deno.land/std@0.214.0/assert/assert_instance_of.ts": "72dc1faff1e248692d873c89382fa1579dd7b53b56d52f37f9874a75b11ba444",
    "https://deno.land/std@0.214.0/assert/assert_is_error.ts": "6596f2b5ba89ba2fe9b074f75e9318cda97a2381e59d476812e30077fbdb6ed2",
    "https://deno.land/std@0.214.0/assert/assert_less.ts": "2b4b3fe7910f65f7be52212f19c3977ecb8ba5b2d6d0a296c83cde42920bb005",
    "https://deno.land/std@0.214.0/assert/assert_less_or_equal.ts": "b93d212fe669fbde959e35b3437ac9a4468f2e6b77377e7b6ea2cfdd825d38a0",
    "https://deno.land/std@0.214.0/assert/assert_match.ts": "ec2d9680ed3e7b9746ec57ec923a17eef6d476202f339ad91d22277d7f1d16e1",
    "https://deno.land/std@0.214.0/assert/assert_not_equals.ts": "ac86413ab70ffb14fdfc41740ba579a983fe355ba0ce4a9ab685e6b8e7f6a250",
    "https://deno.land/std@0.214.0/assert/assert_not_instance_of.ts": "8f720d92d83775c40b2542a8d76c60c2d4aeddaf8713c8d11df8984af2604931",
    "https://deno.land/std@0.214.0/assert/assert_not_match.ts": "b4b7c77f146963e2b673c1ce4846473703409eb93f5ab0eb60f6e6f8aeffe39f",
    "https://deno.land/std@0.214.0/assert/assert_not_strict_equals.ts": "da0b8ab60a45d5a9371088378e5313f624799470c3b54c76e8b8abeec40a77be",
    "https://deno.land/std@0.214.0/assert/assert_object_match.ts": "e85e5eef62a56ce364c3afdd27978ccab979288a3e772e6855c270a7b118fa49",
    "https://deno.land/std@0.214.0/assert/assert_rejects.ts": "e9e0c8d9c3e164c7ac962c37b3be50577c5a2010db107ed272c4c1afb1269f54",
    "https://deno.land/std@0.214.0/assert/assert_strict_equals.ts": "0425a98f70badccb151644c902384c12771a93e65f8ff610244b8147b03a2366",
    "https://deno.land/std@0.214.0/assert/assert_string_includes.ts": "dfb072a890167146f8e5bdd6fde887ce4657098e9f71f12716ef37f35fb6f4a7",
    "https://deno.land/std@0.214.0/assert/assert_throws.ts": "edddd86b39606c342164b49ad88dd39a26e72a26655e07545d172f164b617fa7",
    "https://deno.land/std@0.214.0/assert/assertion_error.ts": "9f689a101ee586c4ce92f52fa7ddd362e86434ffdf1f848e45987dc7689976b8",
    "https://deno.land/std@0.214.0/assert/equal.ts": "fae5e8a52a11d3ac694bbe1a53e13a7969e3f60791262312e91a3e741ae519e2",
    "https://deno.land/std@0.214.0/assert/fail.ts": "f310e51992bac8e54f5fd8e44d098638434b2edb802383690e0d7a9be1979f1c",
    "https://deno.land/std@0.214.0/assert/mod.ts": "325df8c0683ad83a873b9691aa66b812d6275fc9fec0b2d180ac68a2c5efed3b",
    "https://deno.land/std@0.214.0/assert/unimplemented.ts": "47ca67d1c6dc53abd0bd729b71a31e0825fc452dbcd4fde4ca06789d5644e7fd",
    "https://deno.land/std@0.214.0/assert/unreachable.ts": "38cfecb95d8b06906022d2f9474794fca4161a994f83354fd079cac9032b5145",
    "https://deno.land/std@0.214.0/fmt/colors.ts": "aeaee795471b56fc62a3cb2e174ed33e91551b535f44677f6320336aabb54fbb",
    "https://deno.land/std@0.214.0/fs/exists.ts": "d2757ef764eaf5c6c5af7228e8447db2de42ab084a2dae540097f905723d83f5",
    "https://deno.land/std@0.214.0/log/base_handler.ts": "c9479234e87afaa1fbb7a52a18c3eba878e50a5a238bdd1ed8fc88ae951cb4d9",
    "https://deno.land/std@0.214.0/log/console_handler.ts": "75653acd6932fb97c7121f63336b39de3f072e329874d66f05abcb2a7f514558",
    "https://deno.land/std@0.214.0/log/file_handler.ts": "7b58c7017117ae290700b0e23f21573c1dc8ba8b5d4978d8aa0b8e05742d75e2",
    "https://deno.land/std@0.214.0/log/formatters.ts": "5491ac778cf404a9379025bef33565644eb10b6a1f8083aba2595887d49edf15",
    "https://deno.land/std@0.214.0/log/levels.ts": "3746b311bc5cd28340fe7b563002f94508ace565592e9f4730f8b07916f189a6",
    "https://deno.land/std@0.214.0/log/logger.ts": "f9110211816e27b147fd0f34639e5c7618670048aad789f5a304bd7623505ba5",
    "https://deno.land/std@0.214.0/log/mod.ts": "09365c6bb39440f1c56e1984eff6a23b92eed27deb467aafcb64e17444513737",
    "https://deno.land/std@0.214.0/log/rotating_file_handler.ts": "dc0333959ff725ac1f43b741ababa9fef074f658a60c65235d12e44952085fbe",
    "https://deno.land/std@0.214.0/testing/_test_suite.ts": "f10a8a6338b60c403f07a76f3f46bdc9f1e1a820c0a1decddeb2949f7a8a0546",
    "https://deno.land/std@0.214.0/testing/bdd.ts": "a7a9f691c6531166e4afa9d91bd5750c7418407bb310473b27eda59fd2d1f609",
    "https://deno.land/std@0.221.0/dotenv/mod.ts": "0180eaeedaaf88647318811cdaa418cc64dc51fb08354f91f5f480d0a1309f7d",
    "https://deno.land/std@0.221.0/dotenv/parse.ts": "09977ff88dfd1f24f9973a338f0f91bbdb9307eb5ff6085446e7c423e4c7ba0c",
    "https://deno.land/std@0.221.0/dotenv/stringify.ts": "0047ad7068289735d08964046aea267a750c141b494ca0e38831b89be6c020c2",
    "https://deno.land/x/bcrypt@v0.4.1/mod.ts": "ff09bdae282583cf5f7d87efe37ddcecef7f14f6d12e8b8066a3058db8c6c2f7",
    "https://deno.land/x/bcrypt@v0.4.1/src/bcrypt/base64.ts": "b8266450a4f1eb6960f60f2f7986afc4dde6b45bd2d7ee7ba10789e67e17b9f7",
    "https://deno.land/x/bcrypt@v0.4.1/src/bcrypt/bcrypt.ts": "ec221648cc6453ea5e3803bc817c01157dada06aa6f7a0ba6b9f87aae32b21e2",
    "https://deno.land/x/bcrypt@v0.4.1/src/main.ts": "08d201b289c8d9c46f8839c69cd6625b213863db29775c7a200afc3b540e64f8",
    "https://deno.land/x/speed_highlight_js@v1.2.4/dist/languages/sql.js": "30c339b07ec2a5d90c5fb78ba3c7af2f72ab6ff9d819b381e704984723b1b60a",
    "https://deno.land/x/speed_highlight_js@v1.2.4/dist/terminal.js": "7077ecb9f3f0e6f8d0b341dd106dee521c82a9d0bdabacf86cd4fb3b25388b98",
    "https://deno.land/x/speed_highlight_js@v1.2.4/dist/themes/default.js": "31dafa79fed544a3329a43d9fbe13e36697ce77e6f9fcd53005a1e00fadc4140"
  },
  "workspace": {
    "dependencies": [
      "jsr:@std/crypto@~0.218.2",
      "jsr:@std/fmt@~0.218.2",
      "jsr:@std/fs@~0.218.2",
      "jsr:@std/log@~0.218.2",
      "jsr:@std/path@~0.218.2",
      "jsr:@std/uuid@~0.218.2",
      "jsr:@utility/file@~0.1.3",
      "npm:imap@~0.8.19",
      "npm:node-email-reply-parser@~0.1.4",
      "npm:nodemailer@^7.0.12"
    ],
    "packageJson": {
      "dependencies": [
        "npm:@types/imap@~0.8.43",
        "npm:@types/node@^25.0.9",
        "npm:@types/nodemailer@^7.0.5",
        "npm:bcryptjs@^3.0.3",
        "npm:imap@~0.8.19",
        "npm:node-email-reply-parser@~0.1.4",
        "npm:nodemailer@^7.0.12"
      ]
    }
  }
}
