{
  "name": "@justaos/utils",
  "version": "2.0.0",
  "lockfileVersion": 3,
  "requires": true,
  "packages": {
    "": {
      "name": "@justaos/utils",
      "version": "2.0.0",
      "dependencies": {
        "bcryptjs": "^2.4.3",
        "nodemailer": "^7.0.11"
      }
    },
    "node_modules/bcryptjs": {
      "version": "2.4.3",
      "resolved": "https://registry.npmjs.org/bcryptjs/-/bcryptjs-2.4.3.tgz",
      "integrity": "sha512-V/Hy/X9Vt7f3BbPJEi8BdVFMByHi+jNXrYkW3huaybV/kQ0KJg0Y6PkEMbn+zeT+i+SiKZ/HMqJGIIt4LZDqNQ=="
    },
    "node_modules/nodemailer": {
      "version": "7.0.11",
      "resolved": "https://registry.npmjs.org/nodemailer/-/nodemailer-7.0.11.tgz",
      "integrity": "sha512-gnXhNRE0FNhD7wPSCGhdNh46Hs6nm+uTyg+Kq0cZukNQiYdnCsoQjodNP9BQVG9XrcK/v6/MgpAPBUFyzh9pvw==",
      "license": "MIT-0",
      "engines": {
        "node": ">=6.0.0"
      }
    }
  }
}
